
Microsoft Visual Studio Solution File, Format Version 12.00
# Visual Studio Version 16
VisualStudioVersion = 16.0.30717.126
MinimumVisualStudioVersion = 10.0.40219.1
Project("{FAE04EC0-301F-11D3-BF4B-00C04F79EFBC}") = "GitForSwagger", "GitForSwagger\GitForSwagger.csproj", "{EA31943E-AE66-4ACE-B009-83F513B65787}"
EndProject
Global
	GlobalSection(SolutionConfigurationPlatforms) = preSolution
		Debug|Any CPU = Debug|Any CPU
		Release|Any CPU = Release|Any CPU
	EndGlobalSection
	GlobalSection(ProjectConfigurationPlatforms) = postSolution
		{EA31943E-AE66-4ACE-B009-83F513B65787}.Debug|Any CPU.ActiveCfg = Debug|Any CPU
		{EA31943E-AE66-4ACE-B009-83F513B65787}.Debug|Any CPU.Build.0 = Debug|Any CPU
		{EA31943E-AE66-4ACE-B009-83F513B65787}.Release|Any CPU.ActiveCfg = Release|Any CPU
		{EA31943E-AE66-4ACE-B009-83F513B65787}.Release|Any CPU.Build.0 = Release|Any CPU
	EndGlobalSection
	GlobalSection(SolutionProperties) = preSolution
		HideSolutionNode = FALSE
	EndGlobalSection
	GlobalSection(ExtensibilityGlobals) = postSolution
		SolutionGuid = {A57596BD-5146-4C40-80CE-A6CCCDB5DEC1}
	EndGlobalSection
EndGlobal
